<Solution>
  <Project Path="OppAllThiefs.Core.csproj" />
  <Project Path="OppAllThiefs.Gameplay.csproj" />
  <Project Path="Assembly-CSharp-Editor.csproj" />
  <Project Path="OppAllThiefs.UI.csproj" />
  <Project Path="Assembly-CSharp.csproj" />
  <Project Path="OppAllThiefs.Multiplayer.csproj" />
</Solution>
